{
  "name": "HTML-e-CSS-por-Mel-Plens",
  "lockfileVersion": 3,
  "requires": true,
  "packages": {
    "": {
      "dependencies": {
        "my-module": "^1.0.0"
      }
    },
    "node_modules/my-module": {
      "version": "1.0.0",
      "resolved": "https://registry.npmjs.org/my-module/-/my-module-1.0.0.tgz",
      "integrity": "sha512-HVXnQnmqCsGAbflaM8qvKqI6F2U1LMW8ivjWXGqqOa/5hDZrH0+Vv8JFCcEJ5c8ZrHFm/zS6o/4kVrOfxky+4g=="
    }
  }
}
